// !$*UTF8*$!
{
	archiveVersion = 1;
	classes = {
	};
	objectVersion = 46;
	objects = {

/* Begin PBXBuildFile section */
		004B2F051D1D1497007BD610 /* Alamofire.framework in Frameworks */ = {isa = PBXBuildFile; fileRef = 004B2EF81D1D1482007BD610 /* Alamofire.framework */; };
		004B2F061D1D1497007BD610 /* Alamofire.framework in Embed Frameworks */ = {isa = PBXBuildFile; fileRef = 004B2EF81D1D1482007BD610 /* Alamofire.framework */; settings = {ATTRIBUTES = (CodeSignOnCopy, RemoveHeadersOnCopy, ); }; };
		004B2F0A1D1D1A97007BD610 /* ActionBarView.xib in Resources */ = {isa = PBXBuildFile; fileRef = 004B2F091D1D1A97007BD610 /* ActionBarView.xib */; };
		004B2F0C1D1D1AC7007BD610 /* ActionBarView.swift in Sources */ = {isa = PBXBuildFile; fileRef = 004B2F0B1D1D1AC7007BD610 /* ActionBarView.swift */; };
		004B2F0F1D1D6D25007BD610 /* read.png in Resources */ = {isa = PBXBuildFile; fileRef = 004B2F0D1D1D6D25007BD610 /* read.png */; };
		004B2F101D1D6D25007BD610 /* unread.png in Resources */ = {isa = PBXBuildFile; fileRef = 004B2F0E1D1D6D25007BD610 /* unread.png */; };
		004B2F121D1D6E07007BD610 /* trash.png in Resources */ = {isa = PBXBuildFile; fileRef = 004B2F111D1D6E07007BD610 /* trash.png */; };
		004B2F141D1D6F10007BD610 /* close.png in Resources */ = {isa = PBXBuildFile; fileRef = 004B2F131D1D6F10007BD610 /* close.png */; };
		5B3931AB1D1A5CEA0054045A /* DetailedEmailViewController.swift in Sources */ = {isa = PBXBuildFile; fileRef = 5B3931AA1D1A5CEA0054045A /* DetailedEmailViewController.swift */; };
		5B769D411D1A68E4006B0908 /* DetailedEmailCells.xib in Resources */ = {isa = PBXBuildFile; fileRef = 5B769D401D1A68E4006B0908 /* DetailedEmailCells.xib */; };
		5B769D491D1A6BC5006B0908 /* DetailedEmailCells.swift in Sources */ = {isa = PBXBuildFile; fileRef = 5B769D481D1A6BC5006B0908 /* DetailedEmailCells.swift */; };
		5BB79BA71D1BB5F400F4C62A /* Reachability.m in Sources */ = {isa = PBXBuildFile; fileRef = 5BB79BA61D1BB5F400F4C62A /* Reachability.m */; };
		5BB79BB51D1C104000F4C62A /* empty.png in Resources */ = {isa = PBXBuildFile; fileRef = 5BB79BB41D1C104000F4C62A /* empty.png */; };
		5BCE70771D19083C00224D43 /* AppDelegate.swift in Sources */ = {isa = PBXBuildFile; fileRef = 5BCE70761D19083C00224D43 /* AppDelegate.swift */; };
		5BCE70791D19083C00224D43 /* ViewController.swift in Sources */ = {isa = PBXBuildFile; fileRef = 5BCE70781D19083C00224D43 /* ViewController.swift */; };
		5BCE707C1D19083C00224D43 /* Main.storyboard in Resources */ = {isa = PBXBuildFile; fileRef = 5BCE707A1D19083C00224D43 /* Main.storyboard */; };
		5BCE707E1D19083C00224D43 /* Assets.xcassets in Resources */ = {isa = PBXBuildFile; fileRef = 5BCE707D1D19083C00224D43 /* Assets.xcassets */; };
		5BCE70811D19083C00224D43 /* LaunchScreen.storyboard in Resources */ = {isa = PBXBuildFile; fileRef = 5BCE707F1D19083C00224D43 /* LaunchScreen.storyboard */; };
		5BCE708C1D19083C00224D43 /* EmailTests.swift in Sources */ = {isa = PBXBuildFile; fileRef = 5BCE708B1D19083C00224D43 /* EmailTests.swift */; };
		5BCE70971D19083D00224D43 /* EmailUITests.swift in Sources */ = {isa = PBXBuildFile; fileRef = 5BCE70961D19083D00224D43 /* EmailUITests.swift */; };
		5BCE70AB1D190C0400224D43 /* CustomTableViewCell.swift in Sources */ = {isa = PBXBuildFile; fileRef = 5BCE70AA1D190C0400224D43 /* CustomTableViewCell.swift */; };
		5BCE70AD1D190C7200224D43 /* CustomTableViewCell.xib in Resources */ = {isa = PBXBuildFile; fileRef = 5BCE70AC1D190C7200224D43 /* CustomTableViewCell.xib */; };
		5BCE70B51D1945AE00224D43 /* starred.png in Resources */ = {isa = PBXBuildFile; fileRef = 5BCE70B31D1945AE00224D43 /* starred.png */; };
		5BCE70B61D1945AE00224D43 /* unstarred.png in Resources */ = {isa = PBXBuildFile; fileRef = 5BCE70B41D1945AE00224D43 /* unstarred.png */; };
		5BCE71AA1D1948FF00224D43 /* ConnectionManager.swift in Sources */ = {isa = PBXBuildFile; fileRef = 5BCE71A91D1948FF00224D43 /* ConnectionManager.swift */; };
		5BCE71AC1D1958C500224D43 /* EmailAttributes.swift in Sources */ = {isa = PBXBuildFile; fileRef = 5BCE71AB1D1958C500224D43 /* EmailAttributes.swift */; };
/* End PBXBuildFile section */

/* Begin PBXContainerItemProxy section */
		004B2EF71D1D1482007BD610 /* PBXContainerItemProxy */ = {
			isa = PBXContainerItemProxy;
			containerPortal = 004B2EED1D1D1482007BD610 /* Alamofire.xcodeproj */;
			proxyType = 2;
			remoteGlobalIDString = F8111E3319A95C8B0040E7D1;
			remoteInfo = "Alamofire iOS";
		};
		004B2EF91D1D1482007BD610 /* PBXContainerItemProxy */ = {
			isa = PBXContainerItemProxy;
			containerPortal = 004B2EED1D1D1482007BD610 /* Alamofire.xcodeproj */;
			proxyType = 2;
			remoteGlobalIDString = F8111E3E19A95C8B0040E7D1;
			remoteInfo = "Alamofire iOS Tests";
		};
		004B2EFB1D1D1482007BD610 /* PBXContainerItemProxy */ = {
			isa = PBXContainerItemProxy;
			containerPortal = 004B2EED1D1D1482007BD610 /* Alamofire.xcodeproj */;
			proxyType = 2;
			remoteGlobalIDString = 4DD67C0B1A5C55C900ED2280;
			remoteInfo = "Alamofire OSX";
		};
		004B2EFD1D1D1482007BD610 /* PBXContainerItemProxy */ = {
			isa = PBXContainerItemProxy;
			containerPortal = 004B2EED1D1D1482007BD610 /* Alamofire.xcodeproj */;
			proxyType = 2;
			remoteGlobalIDString = F829C6B21A7A94F100A2CD59;
			remoteInfo = "Alamofire OSX Tests";
		};
		004B2EFF1D1D1482007BD610 /* PBXContainerItemProxy */ = {
			isa = PBXContainerItemProxy;
			containerPortal = 004B2EED1D1D1482007BD610 /* Alamofire.xcodeproj */;
			proxyType = 2;
			remoteGlobalIDString = 4CF626EF1BA7CB3E0011A099;
			remoteInfo = "Alamofire tvOS";
		};
		004B2F011D1D1482007BD610 /* PBXContainerItemProxy */ = {
			isa = PBXContainerItemProxy;
			containerPortal = 004B2EED1D1D1482007BD610 /* Alamofire.xcodeproj */;
			proxyType = 2;
			remoteGlobalIDString = 4CF626F81BA7CB3E0011A099;
			remoteInfo = "Alamofire tvOS Tests";
		};
		004B2F031D1D1482007BD610 /* PBXContainerItemProxy */ = {
			isa = PBXContainerItemProxy;
			containerPortal = 004B2EED1D1D1482007BD610 /* Alamofire.xcodeproj */;
			proxyType = 2;
			remoteGlobalIDString = E4202FE01B667AA100C997FB;
			remoteInfo = "Alamofire watchOS";
		};
		004B2F071D1D1497007BD610 /* PBXContainerItemProxy */ = {
			isa = PBXContainerItemProxy;
			containerPortal = 004B2EED1D1D1482007BD610 /* Alamofire.xcodeproj */;
			proxyType = 1;
			remoteGlobalIDString = F8111E3219A95C8B0040E7D1;
			remoteInfo = "Alamofire iOS";
		};
		5BCE70881D19083C00224D43 /* PBXContainerItemProxy */ = {
			isa = PBXContainerItemProxy;
			containerPortal = 5BCE706B1D19083C00224D43 /* Project object */;
			proxyType = 1;
			remoteGlobalIDString = 5BCE70721D19083C00224D43;
			remoteInfo = Email;
		};
		5BCE70931D19083D00224D43 /* PBXContainerItemProxy */ = {
			isa = PBXContainerItemProxy;
			containerPortal = 5BCE706B1D19083C00224D43 /* Project object */;
			proxyType = 1;
			remoteGlobalIDString = 5BCE70721D19083C00224D43;
			remoteInfo = Email;
		};
/* End PBXContainerItemProxy section */

/* Begin PBXCopyFilesBuildPhase section */
		004B2ED41D1D13A3007BD610 /* Embed Frameworks */ = {
			isa = PBXCopyFilesBuildPhase;
			buildActionMask = 2147483647;
			dstPath = "";
			dstSubfolderSpec = 10;
			files = (
				004B2F061D1D1497007BD610 /* Alamofire.framework in Embed Frameworks */,
			);
			name = "Embed Frameworks";
			runOnlyForDeploymentPostprocessing = 0;
		};
/* End PBXCopyFilesBuildPhase section */

/* Begin PBXFileReference section */
		004B2EED1D1D1482007BD610 /* Alamofire.xcodeproj */ = {isa = PBXFileReference; lastKnownFileType = "wrapper.pb-project"; name = Alamofire.xcodeproj; path = "Alamofire-master/Alamofire.xcodeproj"; sourceTree = SOURCE_ROOT; };
		004B2F091D1D1A97007BD610 /* ActionBarView.xib */ = {isa = PBXFileReference; fileEncoding = 4; lastKnownFileType = file.xib; path = ActionBarView.xib; sourceTree = "<group>"; };
		004B2F0B1D1D1AC7007BD610 /* ActionBarView.swift */ = {isa = PBXFileReference; fileEncoding = 4; lastKnownFileType = sourcecode.swift; path = ActionBarView.swift; sourceTree = "<group>"; };
		004B2F0D1D1D6D25007BD610 /* read.png */ = {isa = PBXFileReference; lastKnownFileType = image.png; path = read.png; sourceTree = "<group>"; };
		004B2F0E1D1D6D25007BD610 /* unread.png */ = {isa = PBXFileReference; lastKnownFileType = image.png; path = unread.png; sourceTree = "<group>"; };
		004B2F111D1D6E07007BD610 /* trash.png */ = {isa = PBXFileReference; lastKnownFileType = image.png; path = trash.png; sourceTree = "<group>"; };
		004B2F131D1D6F10007BD610 /* close.png */ = {isa = PBXFileReference; lastKnownFileType = image.png; path = close.png; sourceTree = "<group>"; };
		5B3931AA1D1A5CEA0054045A /* DetailedEmailViewController.swift */ = {isa = PBXFileReference; fileEncoding = 4; lastKnownFileType = sourcecode.swift; path = DetailedEmailViewController.swift; sourceTree = "<group>"; };
		5B769D401D1A68E4006B0908 /* DetailedEmailCells.xib */ = {isa = PBXFileReference; fileEncoding = 4; lastKnownFileType = file.xib; path = DetailedEmailCells.xib; sourceTree = "<group>"; };
		5B769D481D1A6BC5006B0908 /* DetailedEmailCells.swift */ = {isa = PBXFileReference; fileEncoding = 4; lastKnownFileType = sourcecode.swift; path = DetailedEmailCells.swift; sourceTree = "<group>"; };
		5BB79B9E1D1BB5F300F4C62A /* Email-Bridging-Header.h */ = {isa = PBXFileReference; lastKnownFileType = sourcecode.c.h; path = "Email-Bridging-Header.h"; sourceTree = "<group>"; };
		5BB79BA51D1BB5F400F4C62A /* Reachability.h */ = {isa = PBXFileReference; fileEncoding = 4; lastKnownFileType = sourcecode.c.h; path = Reachability.h; sourceTree = "<group>"; };
		5BB79BA61D1BB5F400F4C62A /* Reachability.m */ = {isa = PBXFileReference; fileEncoding = 4; lastKnownFileType = sourcecode.c.objc; path = Reachability.m; sourceTree = "<group>"; };
		5BB79BB41D1C104000F4C62A /* empty.png */ = {isa = PBXFileReference; lastKnownFileType = image.png; path = empty.png; sourceTree = "<group>"; };
		5BCE70731D19083C00224D43 /* Email.app */ = {isa = PBXFileReference; explicitFileType = wrapper.application; includeInIndex = 0; path = Email.app; sourceTree = BUILT_PRODUCTS_DIR; };
		5BCE70761D19083C00224D43 /* AppDelegate.swift */ = {isa = PBXFileReference; lastKnownFileType = sourcecode.swift; path = AppDelegate.swift; sourceTree = "<group>"; };
		5BCE70781D19083C00224D43 /* ViewController.swift */ = {isa = PBXFileReference; lastKnownFileType = sourcecode.swift; path = ViewController.swift; sourceTree = "<group>"; };
		5BCE707B1D19083C00224D43 /* Base */ = {isa = PBXFileReference; lastKnownFileType = file.storyboard; name = Base; path = Base.lproj/Main.storyboard; sourceTree = "<group>"; };
		5BCE707D1D19083C00224D43 /* Assets.xcassets */ = {isa = PBXFileReference; lastKnownFileType = folder.assetcatalog; path = Assets.xcassets; sourceTree = "<group>"; };
		5BCE70801D19083C00224D43 /* Base */ = {isa = PBXFileReference; lastKnownFileType = file.storyboard; name = Base; path = Base.lproj/LaunchScreen.storyboard; sourceTree = "<group>"; };
		5BCE70821D19083C00224D43 /* Info.plist */ = {isa = PBXFileReference; lastKnownFileType = text.plist.xml; path = Info.plist; sourceTree = "<group>"; };
		5BCE70871D19083C00224D43 /* EmailTests.xctest */ = {isa = PBXFileReference; explicitFileType = wrapper.cfbundle; includeInIndex = 0; path = EmailTests.xctest; sourceTree = BUILT_PRODUCTS_DIR; };
		5BCE708B1D19083C00224D43 /* EmailTests.swift */ = {isa = PBXFileReference; lastKnownFileType = sourcecode.swift; path = EmailTests.swift; sourceTree = "<group>"; };
		5BCE708D1D19083D00224D43 /* Info.plist */ = {isa = PBXFileReference; lastKnownFileType = text.plist.xml; path = Info.plist; sourceTree = "<group>"; };
		5BCE70921D19083D00224D43 /* EmailUITests.xctest */ = {isa = PBXFileReference; explicitFileType = wrapper.cfbundle; includeInIndex = 0; path = EmailUITests.xctest; sourceTree = BUILT_PRODUCTS_DIR; };
		5BCE70961D19083D00224D43 /* EmailUITests.swift */ = {isa = PBXFileReference; lastKnownFileType = sourcecode.swift; path = EmailUITests.swift; sourceTree = "<group>"; };
		5BCE70981D19083D00224D43 /* Info.plist */ = {isa = PBXFileReference; lastKnownFileType = text.plist.xml; path = Info.plist; sourceTree = "<group>"; };
		5BCE70AA1D190C0400224D43 /* CustomTableViewCell.swift */ = {isa = PBXFileReference; fileEncoding = 4; lastKnownFileType = sourcecode.swift; path = CustomTableViewCell.swift; sourceTree = "<group>"; };
		5BCE70AC1D190C7200224D43 /* CustomTableViewCell.xib */ = {isa = PBXFileReference; fileEncoding = 4; lastKnownFileType = file.xib; path = CustomTableViewCell.xib; sourceTree = "<group>"; };
		5BCE70B31D1945AE00224D43 /* starred.png */ = {isa = PBXFileReference; lastKnownFileType = image.png; path = starred.png; sourceTree = "<group>"; };
		5BCE70B41D1945AE00224D43 /* unstarred.png */ = {isa = PBXFileReference; lastKnownFileType = image.png; path = unstarred.png; sourceTree = "<group>"; };
		5BCE71A91D1948FF00224D43 /* ConnectionManager.swift */ = {isa = PBXFileReference; fileEncoding = 4; lastKnownFileType = sourcecode.swift; name = ConnectionManager.swift; path = ../ConnectionManager.swift; sourceTree = "<group>"; };
		5BCE71AB1D1958C500224D43 /* EmailAttributes.swift */ = {isa = PBXFileReference; fileEncoding = 4; lastKnownFileType = sourcecode.swift; path = EmailAttributes.swift; sourceTree = "<group>"; };
/* End PBXFileReference section */

/* Begin PBXFrameworksBuildPhase section */
		5BCE70701D19083C00224D43 /* Frameworks */ = {
			isa = PBXFrameworksBuildPhase;
			buildActionMask = 2147483647;
			files = (
				004B2F051D1D1497007BD610 /* Alamofire.framework in Frameworks */,
			);
			runOnlyForDeploymentPostprocessing = 0;
		};
		5BCE70841D19083C00224D43 /* Frameworks */ = {
			isa = PBXFrameworksBuildPhase;
			buildActionMask = 2147483647;
			files = (
			);
			runOnlyForDeploymentPostprocessing = 0;
		};
		5BCE708F1D19083D00224D43 /* Frameworks */ = {
			isa = PBXFrameworksBuildPhase;
			buildActionMask = 2147483647;
			files = (
			);
			runOnlyForDeploymentPostprocessing = 0;
		};
/* End PBXFrameworksBuildPhase section */

/* Begin PBXGroup section */
		004B2EEE1D1D1482007BD610 /* Products */ = {
			isa = PBXGroup;
			children = (
				004B2EF81D1D1482007BD610 /* Alamofire.framework */,
				004B2EFA1D1D1482007BD610 /* Alamofire iOS Tests.xctest */,
				004B2EFC1D1D1482007BD610 /* Alamofire.framework */,
				004B2EFE1D1D1482007BD610 /* Alamofire OSX Tests.xctest */,
				004B2F001D1D1482007BD610 /* Alamofire.framework */,
				004B2F021D1D1482007BD610 /* Alamofire tvOS Tests.xctest */,
				004B2F041D1D1482007BD610 /* Alamofire.framework */,
			);
			name = Products;
			sourceTree = "<group>";
		};
		5B3931A11D1A5BE20054045A /* Model */ = {
			isa = PBXGroup;
			children = (
				5BCE71AB1D1958C500224D43 /* EmailAttributes.swift */,
			);
			name = Model;
			sourceTree = "<group>";
		};
		5B3931A81D1A5BE80054045A /* View */ = {
			isa = PBXGroup;
			children = (
				5BCE70AA1D190C0400224D43 /* CustomTableViewCell.swift */,
				5BCE70AC1D190C7200224D43 /* CustomTableViewCell.xib */,
				5B769D481D1A6BC5006B0908 /* DetailedEmailCells.swift */,
				5B769D401D1A68E4006B0908 /* DetailedEmailCells.xib */,
				004B2F0B1D1D1AC7007BD610 /* ActionBarView.swift */,
				004B2F091D1D1A97007BD610 /* ActionBarView.xib */,
				5BCE707A1D19083C00224D43 /* Main.storyboard */,
			);
			name = View;
			sourceTree = "<group>";
		};
		5B3931A91D1A5BEF0054045A /* Controller */ = {
			isa = PBXGroup;
			children = (
				5BCE70781D19083C00224D43 /* ViewController.swift */,
				5B3931AA1D1A5CEA0054045A /* DetailedEmailViewController.swift */,
			);
			name = Controller;
			sourceTree = "<group>";
		};
		5BB79BA81D1BB64100F4C62A /* Third Party */ = {
			isa = PBXGroup;
			children = (
				5BB79BA51D1BB5F400F4C62A /* Reachability.h */,
				5BB79BA61D1BB5F400F4C62A /* Reachability.m */,
			);
			name = "Third Party";
			sourceTree = "<group>";
		};
		5BB79BA91D1BB65200F4C62A /* Managers */ = {
			isa = PBXGroup;
			children = (
				5BCE71A91D1948FF00224D43 /* ConnectionManager.swift */,
			);
			name = Managers;
			sourceTree = "<group>";
		};
		5BB79BAA1D1BB67400F4C62A /* Application */ = {
			isa = PBXGroup;
			children = (
				5BCE70761D19083C00224D43 /* AppDelegate.swift */,
				5BB79B9E1D1BB5F300F4C62A /* Email-Bridging-Header.h */,
				5BCE707F1D19083C00224D43 /* LaunchScreen.storyboard */,
				5BCE70821D19083C00224D43 /* Info.plist */,
			);
			name = Application;
			sourceTree = "<group>";
		};
		5BCE706A1D19083C00224D43 = {
			isa = PBXGroup;
			children = (
				5BCE70751D19083C00224D43 /* Email */,
				5BCE708A1D19083C00224D43 /* EmailTests */,
				5BCE70951D19083D00224D43 /* EmailUITests */,
				5BCE70741D19083C00224D43 /* Products */,
			);
			sourceTree = "<group>";
		};
		5BCE70741D19083C00224D43 /* Products */ = {
			isa = PBXGroup;
			children = (
				5BCE70731D19083C00224D43 /* Email.app */,
				5BCE70871D19083C00224D43 /* EmailTests.xctest */,
				5BCE70921D19083D00224D43 /* EmailUITests.xctest */,
			);
			name = Products;
			sourceTree = "<group>";
		};
		5BCE70751D19083C00224D43 /* Email */ = {
			isa = PBXGroup;
			children = (
				5BB79BAA1D1BB67400F4C62A /* Application */,
				5BB79BA91D1BB65200F4C62A /* Managers */,
				5BB79BA81D1BB64100F4C62A /* Third Party */,
				5B3931A11D1A5BE20054045A /* Model */,
				5B3931A81D1A5BE80054045A /* View */,
				5B3931A91D1A5BEF0054045A /* Controller */,
				5BCE70B21D1945AE00224D43 /* Images */,
				5BCE707D1D19083C00224D43 /* Assets.xcassets */,
				004B2EED1D1D1482007BD610 /* Alamofire.xcodeproj */,
			);
			path = Email;
			sourceTree = "<group>";
		};
		5BCE708A1D19083C00224D43 /* EmailTests */ = {
			isa = PBXGroup;
			children = (
				5BCE708B1D19083C00224D43 /* EmailTests.swift */,
				5BCE708D1D19083D00224D43 /* Info.plist */,
			);
			path = EmailTests;
			sourceTree = "<group>";
		};
		5BCE70951D19083D00224D43 /* EmailUITests */ = {
			isa = PBXGroup;
			children = (
				5BCE70961D19083D00224D43 /* EmailUITests.swift */,
				5BCE70981D19083D00224D43 /* Info.plist */,
			);
			path = EmailUITests;
			sourceTree = "<group>";
		};
		5BCE70B21D1945AE00224D43 /* Images */ = {
			isa = PBXGroup;
			children = (
				004B2F131D1D6F10007BD610 /* close.png */,
				004B2F111D1D6E07007BD610 /* trash.png */,
				004B2F0D1D1D6D25007BD610 /* read.png */,
				004B2F0E1D1D6D25007BD610 /* unread.png */,
				5BB79BB41D1C104000F4C62A /* empty.png */,
				5BCE70B31D1945AE00224D43 /* starred.png */,
				5BCE70B41D1945AE00224D43 /* unstarred.png */,
			);
			path = Images;
			sourceTree = "<group>";
		};
/* End PBXGroup section */

/* Begin PBXNativeTarget section */
		5BCE70721D19083C00224D43 /* Email */ = {
			isa = PBXNativeTarget;
			buildConfigurationList = 5BCE709B1D19083D00224D43 /* Build configuration list for PBXNativeTarget "Email" */;
			buildPhases = (
				5BCE706F1D19083C00224D43 /* Sources */,
				5BCE70701D19083C00224D43 /* Frameworks */,
				5BCE70711D19083C00224D43 /* Resources */,
				004B2ED41D1D13A3007BD610 /* Embed Frameworks */,
			);
			buildRules = (
			);
			dependencies = (
				004B2F081D1D1497007BD610 /* PBXTargetDependency */,
			);
			name = Email;
			productName = Email;
			productReference = 5BCE70731D19083C00224D43 /* Email.app */;
			productType = "com.apple.product-type.application";
		};
		5BCE70861D19083C00224D43 /* EmailTests */ = {
			isa = PBXNativeTarget;
			buildConfigurationList = 5BCE709E1D19083D00224D43 /* Build configuration list for PBXNativeTarget "EmailTests" */;
			buildPhases = (
				5BCE70831D19083C00224D43 /* Sources */,
				5BCE70841D19083C00224D43 /* Frameworks */,
				5BCE70851D19083C00224D43 /* Resources */,
			);
			buildRules = (
			);
			dependencies = (
				5BCE70891D19083C00224D43 /* PBXTargetDependency */,
			);
			name = EmailTests;
			productName = EmailTests;
			productReference = 5BCE70871D19083C00224D43 /* EmailTests.xctest */;
			productType = "com.apple.product-type.bundle.unit-test";
		};
		5BCE70911D19083D00224D43 /* EmailUITests */ = {
			isa = PBXNativeTarget;
			buildConfigurationList = 5BCE70A11D19083D00224D43 /* Build configuration list for PBXNativeTarget "EmailUITests" */;
			buildPhases = (
				5BCE708E1D19083D00224D43 /* Sources */,
				5BCE708F1D19083D00224D43 /* Frameworks */,
				5BCE70901D19083D00224D43 /* Resources */,
			);
			buildRules = (
			);
			dependencies = (
				5BCE70941D19083D00224D43 /* PBXTargetDependency */,
			);
			name = EmailUITests;
			productName = EmailUITests;
			productReference = 5BCE70921D19083D00224D43 /* EmailUITests.xctest */;
			productType = "com.apple.product-type.bundle.ui-testing";
		};
/* End PBXNativeTarget section */

/* Begin PBXProject section */
		5BCE706B1D19083C00224D43 /* Project object */ = {
			isa = PBXProject;
			attributes = {
				LastSwiftUpdateCheck = 0730;
				LastUpgradeCheck = 0730;
				ORGANIZATIONNAME = "Deepak Ahuja";
				TargetAttributes = {
					5BCE70721D19083C00224D43 = {
						CreatedOnToolsVersion = 7.3;
						DevelopmentTeam = 7SLF7X3N2Q;
					};
					5BCE70861D19083C00224D43 = {
						CreatedOnToolsVersion = 7.3;
						TestTargetID = 5BCE70721D19083C00224D43;
					};
					5BCE70911D19083D00224D43 = {
						CreatedOnToolsVersion = 7.3;
						TestTargetID = 5BCE70721D19083C00224D43;
					};
				};
			};
			buildConfigurationList = 5BCE706E1D19083C00224D43 /* Build configuration list for PBXProject "Email" */;
			compatibilityVersion = "Xcode 3.2";
			developmentRegion = English;
			hasScannedForEncodings = 0;
			knownRegions = (
				en,
				Base,
			);
			mainGroup = 5BCE706A1D19083C00224D43;
			productRefGroup = 5BCE70741D19083C00224D43 /* Products */;
			projectDirPath = "";
			projectReferences = (
				{
					ProductGroup = 004B2EEE1D1D1482007BD610 /* Products */;
					ProjectRef = 004B2EED1D1D1482007BD610 /* Alamofire.xcodeproj */;
				},
			);
			projectRoot = "";
			targets = (
				5BCE70721D19083C00224D43 /* Email */,
				5BCE70861D19083C00224D43 /* EmailTests */,
				5BCE70911D19083D00224D43 /* EmailUITests */,
			);
		};
/* End PBXProject section */

/* Begin PBXReferenceProxy section */
		004B2EF81D1D1482007BD610 /* Alamofire.framework */ = {
			isa = PBXReferenceProxy;
			fileType = wrapper.framework;
			path = Alamofire.framework;
			remoteRef = 004B2EF71D1D1482007BD610 /* PBXContainerItemProxy */;
			sourceTree = BUILT_PRODUCTS_DIR;
		};
		004B2EFA1D1D1482007BD610 /* Alamofire iOS Tests.xctest */ = {
			isa = PBXReferenceProxy;
			fileType = wrapper.cfbundle;
			path = "Alamofire iOS Tests.xctest";
			remoteRef = 004B2EF91D1D1482007BD610 /* PBXContainerItemProxy */;
			sourceTree = BUILT_PRODUCTS_DIR;
		};
		004B2EFC1D1D1482007BD610 /* Alamofire.framework */ = {
			isa = PBXReferenceProxy;
			fileType = wrapper.framework;
			path = Alamofire.framework;
			remoteRef = 004B2EFB1D1D1482007BD610 /* PBXContainerItemProxy */;
			sourceTree = BUILT_PRODUCTS_DIR;
		};
		004B2EFE1D1D1482007BD610 /* Alamofire OSX Tests.xctest */ = {
			isa = PBXReferenceProxy;
			fileType = wrapper.cfbundle;
			path = "Alamofire OSX Tests.xctest";
			remoteRef = 004B2EFD1D1D1482007BD610 /* PBXContainerItemProxy */;
			sourceTree = BUILT_PRODUCTS_DIR;
		};
		004B2F001D1D1482007BD610 /* Alamofire.framework */ = {
			isa = PBXReferenceProxy;
			fileType = wrapper.framework;
			path = Alamofire.framework;
			remoteRef = 004B2EFF1D1D1482007BD610 /* PBXContainerItemProxy */;
			sourceTree = BUILT_PRODUCTS_DIR;
		};
		004B2F021D1D1482007BD610 /* Alamofire tvOS Tests.xctest */ = {
			isa = PBXReferenceProxy;
			fileType = wrapper.cfbundle;
			path = "Alamofire tvOS Tests.xctest";
			remoteRef = 004B2F011D1D1482007BD610 /* PBXContainerItemProxy */;
			sourceTree = BUILT_PRODUCTS_DIR;
		};
		004B2F041D1D1482007BD610 /* Alamofire.framework */ = {
			isa = PBXReferenceProxy;
			fileType = wrapper.framework;
			path = Alamofire.framework;
			remoteRef = 004B2F031D1D1482007BD610 /* PBXContainerItemProxy */;
			sourceTree = BUILT_PRODUCTS_DIR;
		};
/* End PBXReferenceProxy section */

/* Begin PBXResourcesBuildPhase section */
		5BCE70711D19083C00224D43 /* Resources */ = {
			isa = PBXResourcesBuildPhase;
			buildActionMask = 2147483647;
			files = (
				5BCE70B61D1945AE00224D43 /* unstarred.png in Resources */,
				004B2F0F1D1D6D25007BD610 /* read.png in Resources */,
				004B2F121D1D6E07007BD610 /* trash.png in Resources */,
				5BCE70811D19083C00224D43 /* LaunchScreen.storyboard in Resources */,
				5BCE70B51D1945AE00224D43 /* starred.png in Resources */,
				004B2F101D1D6D25007BD610 /* unread.png in Resources */,
				5BB79BB51D1C104000F4C62A /* empty.png in Resources */,
				004B2F141D1D6F10007BD610 /* close.png in Resources */,
				5BCE707E1D19083C00224D43 /* Assets.xcassets in Resources */,
				004B2F0A1D1D1A97007BD610 /* ActionBarView.xib in Resources */,
				5B769D411D1A68E4006B0908 /* DetailedEmailCells.xib in Resources */,
				5BCE70AD1D190C7200224D43 /* CustomTableViewCell.xib in Resources */,
				5BCE707C1D19083C00224D43 /* Main.storyboard in Resources */,
			);
			runOnlyForDeploymentPostprocessing = 0;
		};
		5BCE70851D19083C00224D43 /* Resources */ = {
			isa = PBXResourcesBuildPhase;
			buildActionMask = 2147483647;
			files = (
			);
			runOnlyForDeploymentPostprocessing = 0;
		};
		5BCE70901D19083D00224D43 /* Resources */ = {
			isa = PBXResourcesBuildPhase;
			buildActionMask = 2147483647;
			files = (
			);
			runOnlyForDeploymentPostprocessing = 0;
		};
/* End PBXResourcesBuildPhase section */

/* Begin PBXSourcesBuildPhase section */
		5BCE706F1D19083C00224D43 /* Sources */ = {
			isa = PBXSourcesBuildPhase;
			buildActionMask = 2147483647;
			files = (
				5BCE70AB1D190C0400224D43 /* CustomTableViewCell.swift in Sources */,
				004B2F0C1D1D1AC7007BD610 /* ActionBarView.swift in Sources */,
				5B3931AB1D1A5CEA0054045A /* DetailedEmailViewController.swift in Sources */,
				5BB79BA71D1BB5F400F4C62A /* Reachability.m in Sources */,
				5B769D491D1A6BC5006B0908 /* DetailedEmailCells.swift in Sources */,
				5BCE71AC1D1958C500224D43 /* EmailAttributes.swift in Sources */,
				5BCE71AA1D1948FF00224D43 /* ConnectionManager.swift in Sources */,
				5BCE70791D19083C00224D43 /* ViewController.swift in Sources */,
				5BCE70771D19083C00224D43 /* AppDelegate.swift in Sources */,
			);
			runOnlyForDeploymentPostprocessing = 0;
		};
		5BCE70831D19083C00224D43 /* Sources */ = {
			isa = PBXSourcesBuildPhase;
			buildActionMask = 2147483647;
			files = (
				5BCE708C1D19083C00224D43 /* EmailTests.swift in Sources */,
			);
			runOnlyForDeploymentPostprocessing = 0;
		};
		5BCE708E1D19083D00224D43 /* Sources */ = {
			isa = PBXSourcesBuildPhase;
			buildActionMask = 2147483647;
			files = (
				5BCE70971D19083D00224D43 /* EmailUITests.swift in Sources */,
			);
			runOnlyForDeploymentPostprocessing = 0;
		};
/* End PBXSourcesBuildPhase section */

/* Begin PBXTargetDependency section */
		004B2F081D1D1497007BD610 /* PBXTargetDependency */ = {
			isa = PBXTargetDependency;
			name = "Alamofire iOS";
			targetProxy = 004B2F071D1D1497007BD610 /* PBXContainerItemProxy */;
		};
		5BCE70891D19083C00224D43 /* PBXTargetDependency */ = {
			isa = PBXTargetDependency;
			target = 5BCE70721D19083C00224D43 /* Email */;
			targetProxy = 5BCE70881D19083C00224D43 /* PBXContainerItemProxy */;
		};
		5BCE70941D19083D00224D43 /* PBXTargetDependency */ = {
			isa = PBXTargetDependency;
			target = 5BCE70721D19083C00224D43 /* Email */;
			targetProxy = 5BCE70931D19083D00224D43 /* PBXContainerItemProxy */;
		};
/* End PBXTargetDependency section */

/* Begin PBXVariantGroup section */
		5BCE707A1D19083C00224D43 /* Main.storyboard */ = {
			isa = PBXVariantGroup;
			children = (
				5BCE707B1D19083C00224D43 /* Base */,
			);
			name = Main.storyboard;
			sourceTree = "<group>";
		};
		5BCE707F1D19083C00224D43 /* LaunchScreen.storyboard */ = {
			isa = PBXVariantGroup;
			children = (
				5BCE70801D19083C00224D43 /* Base */,
			);
			name = LaunchScreen.storyboard;
			sourceTree = "<group>";
		};
/* End PBXVariantGroup section */

/* Begin XCBuildConfiguration section */
		5BCE70991D19083D00224D43 /* Debug */ = {
			isa = XCBuildConfiguration;
			buildSettings = {
				ALWAYS_SEARCH_USER_PATHS = NO;
				CLANG_ANALYZER_NONNULL = YES;
				CLANG_CXX_LANGUAGE_STANDARD = "gnu++0x";
				CLANG_CXX_LIBRARY = "libc++";
				CLANG_ENABLE_MODULES = YES;
				CLANG_ENABLE_OBJC_ARC = YES;
				CLANG_WARN_BOOL_CONVERSION = YES;
				CLANG_WARN_CONSTANT_CONVERSION = YES;
				CLANG_WARN_DIRECT_OBJC_ISA_USAGE = YES_ERROR;
				CLANG_WARN_EMPTY_BODY = YES;
				CLANG_WARN_ENUM_CONVERSION = YES;
				CLANG_WARN_INT_CONVERSION = YES;
				CLANG_WARN_OBJC_ROOT_CLASS = YES_ERROR;
				CLANG_WARN_UNREACHABLE_CODE = YES;
				CLANG_WARN__DUPLICATE_METHOD_MATCH = YES;
				"CODE_SIGN_IDENTITY[sdk=iphoneos*]" = "iPhone Developer";
				COPY_PHASE_STRIP = NO;
				DEBUG_INFORMATION_FORMAT = dwarf;
				ENABLE_STRICT_OBJC_MSGSEND = YES;
				ENABLE_TESTABILITY = YES;
				GCC_C_LANGUAGE_STANDARD = gnu99;
				GCC_DYNAMIC_NO_PIC = NO;
				GCC_NO_COMMON_BLOCKS = YES;
				GCC_OPTIMIZATION_LEVEL = 0;
				GCC_PREPROCESSOR_DEFINITIONS = (
					"DEBUG=1",
					"$(inherited)",
				);
				GCC_WARN_64_TO_32_BIT_CONVERSION = YES;
				GCC_WARN_ABOUT_RETURN_TYPE = YES_ERROR;
				GCC_WARN_UNDECLARED_SELECTOR = YES;
				GCC_WARN_UNINITIALIZED_AUTOS = YES_AGGRESSIVE;
				GCC_WARN_UNUSED_FUNCTION = YES;
				GCC_WARN_UNUSED_VARIABLE = YES;
				IPHONEOS_DEPLOYMENT_TARGET = 7.0;
				MTL_ENABLE_DEBUG_INFO = YES;
				ONLY_ACTIVE_ARCH = YES;
				SDKROOT = iphoneos;
				SWIFT_OPTIMIZATION_LEVEL = "-Onone";
				TARGETED_DEVICE_FAMILY = "1,2";
			};
			name = Debug;
		};
		5BCE709A1D19083D00224D43 /* Release */ = {
			isa = XCBuildConfiguration;
			buildSettings = {
				ALWAYS_SEARCH_USER_PATHS = NO;
				CLANG_ANALYZER_NONNULL = YES;
				CLANG_CXX_LANGUAGE_STANDARD = "gnu++0x";
				CLANG_CXX_LIBRARY = "libc++";
				CLANG_ENABLE_MODULES = YES;
				CLANG_ENABLE_OBJC_ARC = YES;
				CLANG_WARN_BOOL_CONVERSION = YES;
				CLANG_WARN_CONSTANT_CONVERSION = YES;
				CLANG_WARN_DIRECT_OBJC_ISA_USAGE = YES_ERROR;
				CLANG_WARN_EMPTY_BODY = YES;
				CLANG_WARN_ENUM_CONVERSION = YES;
				CLANG_WARN_INT_CONVERSION = YES;
				CLANG_WARN_OBJC_ROOT_CLASS = YES_ERROR;
				CLANG_WARN_UNREACHABLE_CODE = YES;
				CLANG_WARN__DUPLICATE_METHOD_MATCH = YES;
				"CODE_SIGN_IDENTITY[sdk=iphoneos*]" = "iPhone Developer";
				COPY_PHASE_STRIP = NO;
				DEBUG_INFORMATION_FORMAT = "dwarf-with-dsym";
				ENABLE_NS_ASSERTIONS = NO;
				ENABLE_STRICT_OBJC_MSGSEND = YES;
				GCC_C_LANGUAGE_STANDARD = gnu99;
				GCC_NO_COMMON_BLOCKS = YES;
				GCC_WARN_64_TO_32_BIT_CONVERSION = YES;
				GCC_WARN_ABOUT_RETURN_TYPE = YES_ERROR;
				GCC_WARN_UNDECLARED_SELECTOR = YES;
				GCC_WARN_UNINITIALIZED_AUTOS = YES_AGGRESSIVE;
				GCC_WARN_UNUSED_FUNCTION = YES;
				GCC_WARN_UNUSED_VARIABLE = YES;
				IPHONEOS_DEPLOYMENT_TARGET = 7.0;
				MTL_ENABLE_DEBUG_INFO = NO;
				SDKROOT = iphoneos;
				TARGETED_DEVICE_FAMILY = "1,2";
				VALIDATE_PRODUCT = YES;
			};
			name = Release;
		};
		5BCE709C1D19083D00224D43 /* Debug */ = {
			isa = XCBuildConfiguration;
			buildSettings = {
				ASSETCATALOG_COMPILER_APPICON_NAME = AppIcon;
				CLANG_ENABLE_MODULES = YES;
				CODE_SIGN_IDENTITY = "iPhone Developer";
				"CODE_SIGN_IDENTITY[sdk=iphoneos*]" = "iPhone Developer";
				EMBEDDED_CONTENT_CONTAINS_SWIFT = YES;
				INFOPLIST_FILE = Email/Info.plist;
				IPHONEOS_DEPLOYMENT_TARGET = 8.0;
				LD_RUNPATH_SEARCH_PATHS = "$(inherited) @executable_path/Frameworks";
				PRODUCT_BUNDLE_IDENTIFIER = com.Email;
				PRODUCT_NAME = "$(TARGET_NAME)";
				PROVISIONING_PROFILE = "";
				SWIFT_OBJC_BRIDGING_HEADER = "Email/Email-Bridging-Header.h";
				SWIFT_OPTIMIZATION_LEVEL = "-Onone";
			};
			name = Debug;
		};
		5BCE709D1D19083D00224D43 /* Release */ = {
			isa = XCBuildConfiguration;
			buildSettings = {
				ASSETCATALOG_COMPILER_APPICON_NAME = AppIcon;
				CLANG_ENABLE_MODULES = YES;
				CODE_SIGN_IDENTITY = "iPhone Developer";
				"CODE_SIGN_IDENTITY[sdk=iphoneos*]" = "iPhone Developer";
				EMBEDDED_CONTENT_CONTAINS_SWIFT = YES;
				INFOPLIST_FILE = Email/Info.plist;
				IPHONEOS_DEPLOYMENT_TARGET = 8.0;
				LD_RUNPATH_SEARCH_PATHS = "$(inherited) @executable_path/Frameworks";
				PRODUCT_BUNDLE_IDENTIFIER = com.Email;
				PRODUCT_NAME = "$(TARGET_NAME)";
				PROVISIONING_PROFILE = "";
				SWIFT_OBJC_BRIDGING_HEADER = "Email/Email-Bridging-Header.h";
			};
			name = Release;
		};
		5BCE709F1D19083D00224D43 /* Debug */ = {
			isa = XCBuildConfiguration;
			buildSettings = {
				BUNDLE_LOADER = "$(TEST_HOST)";
				INFOPLIST_FILE = EmailTests/Info.plist;
				LD_RUNPATH_SEARCH_PATHS = "$(inherited) @executable_path/Frameworks @loader_path/Frameworks";
				PRODUCT_BUNDLE_IDENTIFIER = com.EmailTests;
				PRODUCT_NAME = "$(TARGET_NAME)";
				TEST_HOST = "$(BUILT_PRODUCTS_DIR)/Email.app/Email";
			};
			name = Debug;
		};
		5BCE70A01D19083D00224D43 /* Release */ = {
			isa = XCBuildConfiguration;
			buildSettings = {
				BUNDLE_LOADER = "$(TEST_HOST)";
				INFOPLIST_FILE = EmailTests/Info.plist;
				LD_RUNPATH_SEARCH_PATHS = "$(inherited) @executable_path/Frameworks @loader_path/Frameworks";
				PRODUCT_BUNDLE_IDENTIFIER = com.EmailTests;
				PRODUCT_NAME = "$(TARGET_NAME)";
				TEST_HOST = "$(BUILT_PRODUCTS_DIR)/Email.app/Email";
			};
			name = Release;
		};
		5BCE70A21D19083D00224D43 /* Debug */ = {
			isa = XCBuildConfiguration;
			buildSettings = {
				INFOPLIST_FILE = EmailUITests/Info.plist;
				LD_RUNPATH_SEARCH_PATHS = "$(inherited) @executable_path/Frameworks @loader_path/Frameworks";
				PRODUCT_BUNDLE_IDENTIFIER = com.EmailUITests;
				PRODUCT_NAME = "$(TARGET_NAME)";
				TEST_TARGET_NAME = Email;
			};
			name = Debug;
		};
		5BCE70A31D19083D00224D43 /* Release */ = {
			isa = XCBuildConfiguration;
			buildSettings = {
				INFOPLIST_FILE = EmailUITests/Info.plist;
				LD_RUNPATH_SEARCH_PATHS = "$(inherited) @executable_path/Frameworks @loader_path/Frameworks";
				PRODUCT_BUNDLE_IDENTIFIER = com.EmailUITests;
				PRODUCT_NAME = "$(TARGET_NAME)";
				TEST_TARGET_NAME = Email;
			};
			name = Release;
		};
/* End XCBuildConfiguration section */

/* Begin XCConfigurationList section */
		5BCE706E1D19083C00224D43 /* Build configuration list for PBXProject "Email" */ = {
			isa = XCConfigurationList;
			buildConfigurations = (
				5BCE70991D19083D00224D43 /* Debug */,
				5BCE709A1D19083D00224D43 /* Release */,
			);
			defaultConfigurationIsVisible = 0;
			defaultConfigurationName = Release;
		};
		5BCE709B1D19083D00224D43 /* Build configuration list for PBXNativeTarget "Email" */ = {
			isa = XCConfigurationList;
			buildConfigurations = (
				5BCE709C1D19083D00224D43 /* Debug */,
				5BCE709D1D19083D00224D43 /* Release */,
			);
			defaultConfigurationIsVisible = 0;
			defaultConfigurationName = Release;
		};
		5BCE709E1D19083D00224D43 /* Build configuration list for PBXNativeTarget "EmailTests" */ = {
			isa = XCConfigurationList;
			buildConfigurations = (
				5BCE709F1D19083D00224D43 /* Debug */,
				5BCE70A01D19083D00224D43 /* Release */,
			);
			defaultConfigurationIsVisible = 0;
			defaultConfigurationName = Release;
		};
		5BCE70A11D19083D00224D43 /* Build configuration list for PBXNativeTarget "EmailUITests" */ = {
			isa = XCConfigurationList;
			buildConfigurations = (
				5BCE70A21D19083D00224D43 /* Debug */,
				5BCE70A31D19083D00224D43 /* Release */,
			);
			defaultConfigurationIsVisible = 0;
			defaultConfigurationName = Release;
		};
/* End XCConfigurationList section */
	};
	rootObject = 5BCE706B1D19083C00224D43 /* Project object */;
}
